
Microsoft Visual Studio Solution File, Format Version 12.00
Project("{2150E333-8FDC-42A3-9474-1A3956D46DE8}") = "Frontend", "Frontend", "{FE8DD3EE-A6F7-430A-B776-543286EC1476}"
EndProject
Project("{2150E333-8FDC-42A3-9474-1A3956D46DE8}") = "Gateway", "Gateway", "{B8E01D19-C860-4AC3-B23A-395EDBDDD16B}"
EndProject
Project("{2150E333-8FDC-42A3-9474-1A3956D46DE8}") = "Integration", "Integration", "{D6DEFB9A-1CFE-4114-AC15-DF700CE519F6}"
EndProject
Project("{2150E333-8FDC-42A3-9474-1A3956D46DE8}") = "Services", "Services", "{ECE737A9-EA74-45BE-9ECB-0581294B4A6A}"
EndProject
Project("{FAE04EC0-301F-11D3-BF4B-00C04F79EFBC}") = "Mango.Services.CouponAPI", "Mango.Services.CouponAPI\Mango.Services.CouponAPI.csproj", "{E53E3212-E96A-4B80-B26E-43C2B7B99029}"
EndProject
Project("{FAE04EC0-301F-11D3-BF4B-00C04F79EFBC}") = "Mango.Web", "Mango.Web\Mango.Web.csproj", "{C15A9BF3-1691-4DA3-8095-0FE4DC1487D8}"
EndProject
Project("{FAE04EC0-301F-11D3-BF4B-00C04F79EFBC}") = "Mango.Services.AuthAPI", "Mango.Services.AuthAPI\Mango.Services.AuthAPI.csproj", "{52FC7DD1-92AB-4186-95EE-C6F0DDE060A5}"
EndProject
Project("{FAE04EC0-301F-11D3-BF4B-00C04F79EFBC}") = "Mango.Services.ProductAPI", "Mango.Services.ProductAPI\Mango.Services.ProductAPI.csproj", "{B2CFF309-5A35-42A6-B395-9748DF811065}"
EndProject
Global
	GlobalSection(SolutionConfigurationPlatforms) = preSolution
		Debug|Any CPU = Debug|Any CPU
		Release|Any CPU = Release|Any CPU
	EndGlobalSection
	GlobalSection(ProjectConfigurationPlatforms) = postSolution
		{E53E3212-E96A-4B80-B26E-43C2B7B99029}.Debug|Any CPU.ActiveCfg = Debug|Any CPU
		{E53E3212-E96A-4B80-B26E-43C2B7B99029}.Debug|Any CPU.Build.0 = Debug|Any CPU
		{E53E3212-E96A-4B80-B26E-43C2B7B99029}.Release|Any CPU.ActiveCfg = Release|Any CPU
		{E53E3212-E96A-4B80-B26E-43C2B7B99029}.Release|Any CPU.Build.0 = Release|Any CPU
		{C15A9BF3-1691-4DA3-8095-0FE4DC1487D8}.Debug|Any CPU.ActiveCfg = Debug|Any CPU
		{C15A9BF3-1691-4DA3-8095-0FE4DC1487D8}.Debug|Any CPU.Build.0 = Debug|Any CPU
		{C15A9BF3-1691-4DA3-8095-0FE4DC1487D8}.Release|Any CPU.ActiveCfg = Release|Any CPU
		{C15A9BF3-1691-4DA3-8095-0FE4DC1487D8}.Release|Any CPU.Build.0 = Release|Any CPU
		{52FC7DD1-92AB-4186-95EE-C6F0DDE060A5}.Debug|Any CPU.ActiveCfg = Debug|Any CPU
		{52FC7DD1-92AB-4186-95EE-C6F0DDE060A5}.Debug|Any CPU.Build.0 = Debug|Any CPU
		{52FC7DD1-92AB-4186-95EE-C6F0DDE060A5}.Release|Any CPU.ActiveCfg = Release|Any CPU
		{52FC7DD1-92AB-4186-95EE-C6F0DDE060A5}.Release|Any CPU.Build.0 = Release|Any CPU
		{B2CFF309-5A35-42A6-B395-9748DF811065}.Debug|Any CPU.ActiveCfg = Debug|Any CPU
		{B2CFF309-5A35-42A6-B395-9748DF811065}.Debug|Any CPU.Build.0 = Debug|Any CPU
		{B2CFF309-5A35-42A6-B395-9748DF811065}.Release|Any CPU.ActiveCfg = Release|Any CPU
		{B2CFF309-5A35-42A6-B395-9748DF811065}.Release|Any CPU.Build.0 = Release|Any CPU
	EndGlobalSection
	GlobalSection(NestedProjects) = preSolution
		{E53E3212-E96A-4B80-B26E-43C2B7B99029} = {ECE737A9-EA74-45BE-9ECB-0581294B4A6A}
		{C15A9BF3-1691-4DA3-8095-0FE4DC1487D8} = {FE8DD3EE-A6F7-430A-B776-543286EC1476}
		{52FC7DD1-92AB-4186-95EE-C6F0DDE060A5} = {ECE737A9-EA74-45BE-9ECB-0581294B4A6A}
		{B2CFF309-5A35-42A6-B395-9748DF811065} = {ECE737A9-EA74-45BE-9ECB-0581294B4A6A}
	EndGlobalSection
EndGlobal
